
Microsoft Visual Studio Solution File, Format Version 10.00
# Visual Studio 2008
Project("{FAE04EC0-301F-11D3-BF4B-00C04F79EFBC}") = "UrubuDB.Tests", "tests\UrubuDB.Tests\UrubuDB.Tests.csproj", "{1CF944A0-7EEA-4221-9C39-94CDF80A2FBE}"
EndProject
Project("{FAE04EC0-301F-11D3-BF4B-00C04F79EFBC}") = "UrubuDB", "src\UrubuDB\UrubuDB.csproj", "{C3408820-8D99-4260-B893-28BAE7A1009B}"
EndProject
Global
	GlobalSection(SolutionConfigurationPlatforms) = preSolution
		Debug|Any CPU = Debug|Any CPU
		Release|Any CPU = Release|Any CPU
	EndGlobalSection
	GlobalSection(ProjectConfigurationPlatforms) = postSolution
		{1CF944A0-7EEA-4221-9C39-94CDF80A2FBE}.Debug|Any CPU.ActiveCfg = Debug|Any CPU
		{1CF944A0-7EEA-4221-9C39-94CDF80A2FBE}.Debug|Any CPU.Build.0 = Debug|Any CPU
		{1CF944A0-7EEA-4221-9C39-94CDF80A2FBE}.Release|Any CPU.ActiveCfg = Release|Any CPU
		{1CF944A0-7EEA-4221-9C39-94CDF80A2FBE}.Release|Any CPU.Build.0 = Release|Any CPU
		{C3408820-8D99-4260-B893-28BAE7A1009B}.Debug|Any CPU.ActiveCfg = Debug|Any CPU
		{C3408820-8D99-4260-B893-28BAE7A1009B}.Debug|Any CPU.Build.0 = Debug|Any CPU
		{C3408820-8D99-4260-B893-28BAE7A1009B}.Release|Any CPU.ActiveCfg = Release|Any CPU
		{C3408820-8D99-4260-B893-28BAE7A1009B}.Release|Any CPU.Build.0 = Release|Any CPU
	EndGlobalSection
	GlobalSection(MonoDevelopProperties) = preSolution
		StartupItem = tests\UrubuDB.Tests\UrubuDB.Tests.csproj
	EndGlobalSection
EndGlobal
